
Microsoft Visual Studio Solution File, Format Version 12.00
# Visual Studio 15
VisualStudioVersion = 15.0.28307.757
MinimumVisualStudioVersion = 10.0.40219.1
Project("{FAE04EC0-301F-11D3-BF4B-00C04F79EFBC}") = "MyConsoleApp", "MyConsoleApp\MyConsoleApp.csproj", "{9FBC0184-8CC6-46EF-A5CA-59697649694A}"
EndProject
Project("{FAE04EC0-301F-11D3-BF4B-00C04F79EFBC}") = "MyConsoleApp.Tests", "MyConsoleApp.Tests\MyConsoleApp.Tests.csproj", "{6B878D67-75B7-496A-8D52-F252F8B03227}"
EndProject
Global
	GlobalSection(SolutionConfigurationPlatforms) = preSolution
		Debug|Any CPU = Debug|Any CPU
		Release|Any CPU = Release|Any CPU
	EndGlobalSection
	GlobalSection(ProjectConfigurationPlatforms) = postSolution
		{9FBC0184-8CC6-46EF-A5CA-59697649694A}.Debug|Any CPU.ActiveCfg = Debug|Any CPU
		{9FBC0184-8CC6-46EF-A5CA-59697649694A}.Debug|Any CPU.Build.0 = Debug|Any CPU
		{9FBC0184-8CC6-46EF-A5CA-59697649694A}.Release|Any CPU.ActiveCfg = Release|Any CPU
		{9FBC0184-8CC6-46EF-A5CA-59697649694A}.Release|Any CPU.Build.0 = Release|Any CPU
		{6B878D67-75B7-496A-8D52-F252F8B03227}.Debug|Any CPU.ActiveCfg = Debug|Any CPU
		{6B878D67-75B7-496A-8D52-F252F8B03227}.Debug|Any CPU.Build.0 = Debug|Any CPU
		{6B878D67-75B7-496A-8D52-F252F8B03227}.Release|Any CPU.ActiveCfg = Release|Any CPU
		{6B878D67-75B7-496A-8D52-F252F8B03227}.Release|Any CPU.Build.0 = Release|Any CPU
	EndGlobalSection
	GlobalSection(SolutionProperties) = preSolution
		HideSolutionNode = FALSE
	EndGlobalSection
	GlobalSection(ExtensibilityGlobals) = postSolution
		SolutionGuid = {6D62A509-34D6-43D5-A166-508B9B1FBF24}
	EndGlobalSection
EndGlobal
